{
  "version": 4,
  "terraform_version": "1.11.0",
  "serial": 49,
  "lineage": "7bfc7c6b-527d-3171-9f17-64bd460a1496",
  "outputs": {},
  "resources": [
    {
      "mode": "managed",
      "type": "google_bigquery_dataset",
      "name": "patents",
      "provider": "provider[\"registry.terraform.io/hashicorp/google\"]",
      "instances": [
        {
          "schema_version": 0,
          "attributes": {
            "access": [
              {
                "condition": [],
                "dataset": [],
                "domain": "",
                "group_by_email": "",
                "iam_member": "",
                "role": "OWNER",
                "routine": [],
                "special_group": "",
                "user_by_email": "shervinrad100@gmail.com",
                "view": []
              },
              {
                "condition": [],
                "dataset": [],
                "domain": "",
                "group_by_email": "",
                "iam_member": "",
                "role": "OWNER",
                "routine": [],
                "special_group": "projectOwners",
                "user_by_email": "",
                "view": []
              },
              {
                "condition": [],
                "dataset": [],
                "domain": "",
                "group_by_email": "",
                "iam_member": "",
                "role": "READER",
                "routine": [],
                "special_group": "projectReaders",
                "user_by_email": "",
                "view": []
              },
              {
                "condition": [],
                "dataset": [],
                "domain": "",
                "group_by_email": "",
                "iam_member": "",
                "role": "WRITER",
                "routine": [],
                "special_group": "projectWriters",
                "user_by_email": "",
                "view": []
              }
            ],
            "creation_time": 1748186037760,
            "dataset_id": "patents",
            "default_collation": "",
            "default_encryption_configuration": [],
            "default_partition_expiration_ms": 0,
            "default_table_expiration_ms": 0,
            "delete_contents_on_destroy": false,
            "description": "Dataset for bio-relevant patent data",
            "effective_labels": {
              "goog-terraform-provisioned": "true"
            },
            "etag": "SRp01SvwrQ/31G41SXsG5w==",
            "external_catalog_dataset_options": [],
            "external_dataset_reference": [],
            "friendly_name": "",
            "id": "projects/fiddy-paper-scraper/datasets/patents",
            "is_case_insensitive": false,
            "labels": {},
            "last_modified_time": 1748186037760,
            "location": "US",
            "max_time_travel_hours": "168",
            "project": "fiddy-paper-scraper",
            "resource_tags": {},
            "self_link": "https://bigquery.googleapis.com/bigquery/v2/projects/fiddy-paper-scraper/datasets/patents",
            "storage_billing_model": "",
            "terraform_labels": {
              "goog-terraform-provisioned": "true"
            },
            "timeouts": null
          },
          "sensitive_attributes": [],
          "private": "eyJlMmJmYjczMC1lY2FhLTExZTYtOGY4OC0zNDM2M2JjN2M0YzAiOnsiY3JlYXRlIjoxMjAwMDAwMDAwMDAwLCJkZWxldGUiOjEyMDAwMDAwMDAwMDAsInVwZGF0ZSI6MTIwMDAwMDAwMDAwMH19"
        }
      ]
    },
    {
      "mode": "managed",
      "type": "google_bigquery_table",
      "name": "bio_patents",
      "provider": "provider[\"registry.terraform.io/hashicorp/google\"]",
      "instances": [
        {
          "schema_version": 0,
          "attributes": {
            "biglake_configuration": [],
            "clustering": null,
            "creation_time": 1748254188972,
            "dataset_id": "patents",
            "deletion_protection": true,
            "description": "",
            "effective_labels": {
              "goog-terraform-provisioned": "true"
            },
            "encryption_configuration": [],
            "etag": "+m0KA2KoamB+Mv+NyzjJNg==",
            "expiration_time": 0,
            "external_catalog_table_options": [],
            "external_data_configuration": [],
            "friendly_name": "",
            "id": "projects/fiddy-paper-scraper/datasets/patents/tables/bio_related_patents",
            "labels": {},
            "last_modified_time": 1748254189029,
            "location": "US",
            "materialized_view": [],
            "max_staleness": "",
            "num_bytes": 0,
            "num_long_term_bytes": 0,
            "num_rows": 0,
            "project": "fiddy-paper-scraper",
            "range_partitioning": [],
            "require_partition_filter": false,
            "resource_tags": {},
            "schema": "[{\"mode\":\"NULLABLE\",\"name\":\"title\",\"type\":\"STRING\"},{\"mode\":\"NULLABLE\",\"name\":\"abstract\",\"type\":\"STRING\"},{\"mode\":\"NULLABLE\",\"name\":\"description\",\"type\":\"STRING\"},{\"mode\":\"REPEATED\",\"name\":\"inventors\",\"type\":\"STRING\"},{\"mode\":\"NULLABLE\",\"name\":\"filing_date\",\"type\":\"DATE\"},{\"mode\":\"NULLABLE\",\"name\":\"patent_number\",\"type\":\"STRING\"},{\"mode\":\"REPEATED\",\"name\":\"ipcr_code\",\"type\":\"STRING\"},{\"mode\":\"REPEATED\",\"name\":\"cpc_code\",\"type\":\"STRING\"},{\"mode\":\"REPEATED\",\"name\":\"tags\",\"type\":\"STRING\"},{\"mode\":\"NULLABLE\",\"name\":\"source_file\",\"type\":\"STRING\"}]",
            "schema_foreign_type_info": [],
            "self_link": "https://bigquery.googleapis.com/bigquery/v2/projects/fiddy-paper-scraper/datasets/patents/tables/bio_related_patents",
            "table_constraints": [],
            "table_id": "bio_related_patents",
            "table_metadata_view": null,
            "table_replication_info": [],
            "terraform_labels": {
              "goog-terraform-provisioned": "true"
            },
            "time_partitioning": [],
            "type": "TABLE",
            "view": []
          },
          "sensitive_attributes": [],
          "private": "bnVsbA==",
          "dependencies": [
            "google_bigquery_dataset.patents"
          ]
        }
      ]
    }
  ],
  "check_results": null
}
